// !$*UTF8*$!
{
	archiveVersion = 1;
	classes = {
	};
	objectVersion = 46;
	objects = {

/* Begin PBXBuildFile section */
		72149AAF1B22E8AC00D100D3 /* SymbolTable.m in Sources */ = {isa = PBXBuildFile; fileRef = 72149AAE1B22E8AC00D100D3 /* SymbolTable.m */; };
		7245C3821B1FC7EF0083CC50 /* Code.m in Sources */ = {isa = PBXBuildFile; fileRef = 7245C3811B1FC7EF0083CC50 /* Code.m */; };
		7245C3841B1FC8270083CC50 /* parser.m in Sources */ = {isa = PBXBuildFile; fileRef = 7245C3831B1FC8270083CC50 /* parser.m */; };
		7245C3881B2037530083CC50 /* utils.m in Sources */ = {isa = PBXBuildFile; fileRef = 7245C3871B2037530083CC50 /* utils.m */; };
		727E652C1B1ABFDA002E7AF5 /* main.m in Sources */ = {isa = PBXBuildFile; fileRef = 727E652B1B1ABFDA002E7AF5 /* main.m */; };
		729739331B218D4B00835726 /* MyIO.m in Sources */ = {isa = PBXBuildFile; fileRef = 729739321B218D4B00835726 /* MyIO.m */; };
		72F23C391C5BF86C00978F45 /* Readme.md in Sources */ = {isa = PBXBuildFile; fileRef = 72F23C381C5BF86C00978F45 /* Readme.md */; };
/* End PBXBuildFile section */

/* Begin PBXCopyFilesBuildPhase section */
		727E65261B1ABFDA002E7AF5 /* CopyFiles */ = {
			isa = PBXCopyFilesBuildPhase;
			buildActionMask = 2147483647;
			dstPath = /usr/share/man/man1/;
			dstSubfolderSpec = 0;
			files = (
			);
			runOnlyForDeploymentPostprocessing = 1;
		};
/* End PBXCopyFilesBuildPhase section */

/* Begin PBXFileReference section */
		72149AAD1B22E89800D100D3 /* SymbolTable.h */ = {isa = PBXFileReference; lastKnownFileType = sourcecode.c.h; path = SymbolTable.h; sourceTree = "<group>"; };
		72149AAE1B22E8AC00D100D3 /* SymbolTable.m */ = {isa = PBXFileReference; fileEncoding = 4; lastKnownFileType = sourcecode.c.objc; path = SymbolTable.m; sourceTree = "<group>"; };
		7245C3811B1FC7EF0083CC50 /* Code.m */ = {isa = PBXFileReference; fileEncoding = 4; lastKnownFileType = sourcecode.c.objc; name = Code.m; path = ../Code.m; sourceTree = "<group>"; };
		7245C3831B1FC8270083CC50 /* parser.m */ = {isa = PBXFileReference; fileEncoding = 4; lastKnownFileType = sourcecode.c.objc; path = parser.m; sourceTree = "<group>"; };
		7245C3851B1FC9380083CC50 /* parser.h */ = {isa = PBXFileReference; lastKnownFileType = sourcecode.c.h; path = parser.h; sourceTree = "<group>"; };
		7245C3861B2024E00083CC50 /* Code.h */ = {isa = PBXFileReference; lastKnownFileType = sourcecode.c.h; path = Code.h; sourceTree = "<group>"; };
		7245C3871B2037530083CC50 /* utils.m */ = {isa = PBXFileReference; fileEncoding = 4; lastKnownFileType = sourcecode.c.objc; path = utils.m; sourceTree = "<group>"; };
		7245C3891B203A3C0083CC50 /* utils.h */ = {isa = PBXFileReference; lastKnownFileType = sourcecode.c.h; path = utils.h; sourceTree = "<group>"; };
		727E65281B1ABFDA002E7AF5 /* myassembler */ = {isa = PBXFileReference; explicitFileType = "compiled.mach-o.executable"; includeInIndex = 0; path = myassembler; sourceTree = BUILT_PRODUCTS_DIR; };
		727E652B1B1ABFDA002E7AF5 /* main.m */ = {isa = PBXFileReference; lastKnownFileType = sourcecode.c.objc; path = main.m; sourceTree = "<group>"; };
		729739311B218CA500835726 /* MyIO.h */ = {isa = PBXFileReference; lastKnownFileType = sourcecode.c.h; path = MyIO.h; sourceTree = "<group>"; };
		729739321B218D4B00835726 /* MyIO.m */ = {isa = PBXFileReference; fileEncoding = 4; lastKnownFileType = sourcecode.c.objc; path = MyIO.m; sourceTree = "<group>"; };
		72F23C381C5BF86C00978F45 /* Readme.md */ = {isa = PBXFileReference; fileEncoding = 4; lastKnownFileType = net.daringfireball.markdown; path = Readme.md; sourceTree = "<group>"; };
/* End PBXFileReference section */

/* Begin PBXFrameworksBuildPhase section */
		727E65251B1ABFDA002E7AF5 /* Frameworks */ = {
			isa = PBXFrameworksBuildPhase;
			buildActionMask = 2147483647;
			files = (
			);
			runOnlyForDeploymentPostprocessing = 0;
		};
/* End PBXFrameworksBuildPhase section */

/* Begin PBXGroup section */
		727E651F1B1ABFDA002E7AF5 = {
			isa = PBXGroup;
			children = (
				727E652A1B1ABFDA002E7AF5 /* myassembler */,
				727E65291B1ABFDA002E7AF5 /* Products */,
			);
			sourceTree = "<group>";
		};
		727E65291B1ABFDA002E7AF5 /* Products */ = {
			isa = PBXGroup;
			children = (
				727E65281B1ABFDA002E7AF5 /* myassembler */,
			);
			name = Products;
			sourceTree = "<group>";
		};
		727E652A1B1ABFDA002E7AF5 /* myassembler */ = {
			isa = PBXGroup;
			children = (
				727E652B1B1ABFDA002E7AF5 /* main.m */,
				7245C3861B2024E00083CC50 /* Code.h */,
				72149AAD1B22E89800D100D3 /* SymbolTable.h */,
				72149AAE1B22E8AC00D100D3 /* SymbolTable.m */,
				729739311B218CA500835726 /* MyIO.h */,
				729739321B218D4B00835726 /* MyIO.m */,
				7245C3811B1FC7EF0083CC50 /* Code.m */,
				7245C3831B1FC8270083CC50 /* parser.m */,
				7245C3851B1FC9380083CC50 /* parser.h */,
				7245C3871B2037530083CC50 /* utils.m */,
				7245C3891B203A3C0083CC50 /* utils.h */,
				72F23C381C5BF86C00978F45 /* Readme.md */,
			);
			path = myassembler;
			sourceTree = "<group>";
		};
/* End PBXGroup section */

/* Begin PBXNativeTarget section */
		727E65271B1ABFDA002E7AF5 /* myassembler */ = {
			isa = PBXNativeTarget;
			buildConfigurationList = 727E652F1B1ABFDA002E7AF5 /* Build configuration list for PBXNativeTarget "myassembler" */;
			buildPhases = (
				727E65241B1ABFDA002E7AF5 /* Sources */,
				727E65251B1ABFDA002E7AF5 /* Frameworks */,
				727E65261B1ABFDA002E7AF5 /* CopyFiles */,
			);
			buildRules = (
			);
			dependencies = (
			);
			name = myassembler;
			productName = myassembler;
			productReference = 727E65281B1ABFDA002E7AF5 /* myassembler */;
			productType = "com.apple.product-type.tool";
		};
/* End PBXNativeTarget section */

/* Begin PBXProject section */
		727E65201B1ABFDA002E7AF5 /* Project object */ = {
			isa = PBXProject;
			attributes = {
				LastUpgradeCheck = 0630;
				ORGANIZATIONNAME = "Netskink Computing";
				TargetAttributes = {
					727E65271B1ABFDA002E7AF5 = {
						CreatedOnToolsVersion = 6.3.2;
					};
				};
			};
			buildConfigurationList = 727E65231B1ABFDA002E7AF5 /* Build configuration list for PBXProject "myassembler" */;
			compatibilityVersion = "Xcode 3.2";
			developmentRegion = English;
			hasScannedForEncodings = 0;
			knownRegions = (
				en,
			);
			mainGroup = 727E651F1B1ABFDA002E7AF5;
			productRefGroup = 727E65291B1ABFDA002E7AF5 /* Products */;
			projectDirPath = "";
			projectRoot = "";
			targets = (
				727E65271B1ABFDA002E7AF5 /* myassembler */,
			);
		};
/* End PBXProject section */

/* Begin PBXSourcesBuildPhase section */
		727E65241B1ABFDA002E7AF5 /* Sources */ = {
			isa = PBXSourcesBuildPhase;
			buildActionMask = 2147483647;
			files = (
				72F23C391C5BF86C00978F45 /* Readme.md in Sources */,
				72149AAF1B22E8AC00D100D3 /* SymbolTable.m in Sources */,
				729739331B218D4B00835726 /* MyIO.m in Sources */,
				7245C3841B1FC8270083CC50 /* parser.m in Sources */,
				7245C3821B1FC7EF0083CC50 /* Code.m in Sources */,
				727E652C1B1ABFDA002E7AF5 /* main.m in Sources */,
				7245C3881B2037530083CC50 /* utils.m in Sources */,
			);
			runOnlyForDeploymentPostprocessing = 0;
		};
/* End PBXSourcesBuildPhase section */

/* Begin XCBuildConfiguration section */
		727E652D1B1ABFDA002E7AF5 /* Debug */ = {
			isa = XCBuildConfiguration;
			buildSettings = {
				ALWAYS_SEARCH_USER_PATHS = NO;
				CLANG_CXX_LANGUAGE_STANDARD = "gnu++0x";
				CLANG_CXX_LIBRARY = "libc++";
				CLANG_ENABLE_MODULES = YES;
				CLANG_ENABLE_OBJC_ARC = YES;
				CLANG_WARN_BOOL_CONVERSION = YES;
				CLANG_WARN_CONSTANT_CONVERSION = YES;
				CLANG_WARN_DIRECT_OBJC_ISA_USAGE = YES_ERROR;
				CLANG_WARN_EMPTY_BODY = YES;
				CLANG_WARN_ENUM_CONVERSION = YES;
				CLANG_WARN_INT_CONVERSION = YES;
				CLANG_WARN_OBJC_ROOT_CLASS = YES_ERROR;
				CLANG_WARN_UNREACHABLE_CODE = YES;
				CLANG_WARN__DUPLICATE_METHOD_MATCH = YES;
				COPY_PHASE_STRIP = NO;
				DEBUG_INFORMATION_FORMAT = dwarf;
				ENABLE_STRICT_OBJC_MSGSEND = YES;
				GCC_C_LANGUAGE_STANDARD = gnu99;
				GCC_DYNAMIC_NO_PIC = NO;
				GCC_NO_COMMON_BLOCKS = YES;
				GCC_OPTIMIZATION_LEVEL = 0;
				GCC_PREPROCESSOR_DEFINITIONS = (
					"DEBUG=1",
					"$(inherited)",
				);
				GCC_SYMBOLS_PRIVATE_EXTERN = NO;
				GCC_WARN_64_TO_32_BIT_CONVERSION = YES;
				GCC_WARN_ABOUT_RETURN_TYPE = YES_ERROR;
				GCC_WARN_UNDECLARED_SELECTOR = YES;
				GCC_WARN_UNINITIALIZED_AUTOS = YES_AGGRESSIVE;
				GCC_WARN_UNUSED_FUNCTION = YES;
				GCC_WARN_UNUSED_VARIABLE = YES;
				MACOSX_DEPLOYMENT_TARGET = 10.10;
				MTL_ENABLE_DEBUG_INFO = YES;
				ONLY_ACTIVE_ARCH = YES;
				SDKROOT = macosx;
			};
			name = Debug;
		};
		727E652E1B1ABFDA002E7AF5 /* Release */ = {
			isa = XCBuildConfiguration;
			buildSettings = {
				ALWAYS_SEARCH_USER_PATHS = NO;
				CLANG_CXX_LANGUAGE_STANDARD = "gnu++0x";
				CLANG_CXX_LIBRARY = "libc++";
				CLANG_ENABLE_MODULES = YES;
				CLANG_ENABLE_OBJC_ARC = YES;
				CLANG_WARN_BOOL_CONVERSION = YES;
				CLANG_WARN_CONSTANT_CONVERSION = YES;
				CLANG_WARN_DIRECT_OBJC_ISA_USAGE = YES_ERROR;
				CLANG_WARN_EMPTY_BODY = YES;
				CLANG_WARN_ENUM_CONVERSION = YES;
				CLANG_WARN_INT_CONVERSION = YES;
				CLANG_WARN_OBJC_ROOT_CLASS = YES_ERROR;
				CLANG_WARN_UNREACHABLE_CODE = YES;
				CLANG_WARN__DUPLICATE_METHOD_MATCH = YES;
				COPY_PHASE_STRIP = NO;
				DEBUG_INFORMATION_FORMAT = "dwarf-with-dsym";
				ENABLE_NS_ASSERTIONS = NO;
				ENABLE_STRICT_OBJC_MSGSEND = YES;
				GCC_C_LANGUAGE_STANDARD = gnu99;
				GCC_NO_COMMON_BLOCKS = YES;
				GCC_WARN_64_TO_32_BIT_CONVERSION = YES;
				GCC_WARN_ABOUT_RETURN_TYPE = YES_ERROR;
				GCC_WARN_UNDECLARED_SELECTOR = YES;
				GCC_WARN_UNINITIALIZED_AUTOS = YES_AGGRESSIVE;
				GCC_WARN_UNUSED_FUNCTION = YES;
				GCC_WARN_UNUSED_VARIABLE = YES;
				MACOSX_DEPLOYMENT_TARGET = 10.10;
				MTL_ENABLE_DEBUG_INFO = NO;
				SDKROOT = macosx;
			};
			name = Release;
		};
		727E65301B1ABFDA002E7AF5 /* Debug */ = {
			isa = XCBuildConfiguration;
			buildSettings = {
				PRODUCT_NAME = "$(TARGET_NAME)";
			};
			name = Debug;
		};
		727E65311B1ABFDA002E7AF5 /* Release */ = {
			isa = XCBuildConfiguration;
			buildSettings = {
				PRODUCT_NAME = "$(TARGET_NAME)";
			};
			name = Release;
		};
/* End XCBuildConfiguration section */

/* Begin XCConfigurationList section */
		727E65231B1ABFDA002E7AF5 /* Build configuration list for PBXProject "myassembler" */ = {
			isa = XCConfigurationList;
			buildConfigurations = (
				727E652D1B1ABFDA002E7AF5 /* Debug */,
				727E652E1B1ABFDA002E7AF5 /* Release */,
			);
			defaultConfigurationIsVisible = 0;
			defaultConfigurationName = Release;
		};
		727E652F1B1ABFDA002E7AF5 /* Build configuration list for PBXNativeTarget "myassembler" */ = {
			isa = XCConfigurationList;
			buildConfigurations = (
				727E65301B1ABFDA002E7AF5 /* Debug */,
				727E65311B1ABFDA002E7AF5 /* Release */,
			);
			defaultConfigurationIsVisible = 0;
			defaultConfigurationName = Release;
		};
/* End XCConfigurationList section */
	};
	rootObject = 727E65201B1ABFDA002E7AF5 /* Project object */;
}
